
Microsoft Visual Studio Solution File, Format Version 12.00
# Visual Studio Version 17
VisualStudioVersion = 17.8.34511.84
MinimumVisualStudioVersion = 10.0.40219.1
Project("{FAE04EC0-301F-11D3-BF4B-00C04F79EFBC}") = "VirtualFileSystem.Abstractions", "src\VirtualFileSystem.Abstractions\VirtualFileSystem.Abstractions.csproj", "{9CF89D88-F793-4E7B-BE4D-DB0104C5130E}"
EndProject
Global
	GlobalSection(SolutionConfigurationPlatforms) = preSolution
		Debug|Any CPU = Debug|Any CPU
		Release|Any CPU = Release|Any CPU
	EndGlobalSection
	GlobalSection(ProjectConfigurationPlatforms) = postSolution
		{9CF89D88-F793-4E7B-BE4D-DB0104C5130E}.Debug|Any CPU.ActiveCfg = Debug|Any CPU
		{9CF89D88-F793-4E7B-BE4D-DB0104C5130E}.Debug|Any CPU.Build.0 = Debug|Any CPU
		{9CF89D88-F793-4E7B-BE4D-DB0104C5130E}.Release|Any CPU.ActiveCfg = Release|Any CPU
		{9CF89D88-F793-4E7B-BE4D-DB0104C5130E}.Release|Any CPU.Build.0 = Release|Any CPU
	EndGlobalSection
	GlobalSection(SolutionProperties) = preSolution
		HideSolutionNode = FALSE
	EndGlobalSection
	GlobalSection(ExtensibilityGlobals) = postSolution
		SolutionGuid = {31488532-8812-4663-BBBF-5A531D6A96A3}
	EndGlobalSection
EndGlobal
